
Microsoft Visual Studio Solution File, Format Version 12.00
# Visual Studio 14
VisualStudioVersion = 14.0.23107.0
MinimumVisualStudioVersion = 10.0.40219.1
Project("{FAE04EC0-301F-11D3-BF4B-00C04F79EFBC}") = "Hello.World.Console", "Hello.World.Console\Hello.World.Console.csproj", "{AADC22F1-FD4C-4AF3-9C70-7EC31ED5F6BA}"
EndProject
Global
	GlobalSection(SolutionConfigurationPlatforms) = preSolution
		Debug|Any CPU = Debug|Any CPU
		Release|Any CPU = Release|Any CPU
	EndGlobalSection
	GlobalSection(ProjectConfigurationPlatforms) = postSolution
		{AADC22F1-FD4C-4AF3-9C70-7EC31ED5F6BA}.Debug|Any CPU.ActiveCfg = Debug|Any CPU
		{AADC22F1-FD4C-4AF3-9C70-7EC31ED5F6BA}.Debug|Any CPU.Build.0 = Debug|Any CPU
		{AADC22F1-FD4C-4AF3-9C70-7EC31ED5F6BA}.Release|Any CPU.ActiveCfg = Release|Any CPU
		{AADC22F1-FD4C-4AF3-9C70-7EC31ED5F6BA}.Release|Any CPU.Build.0 = Release|Any CPU
	EndGlobalSection
	GlobalSection(SolutionProperties) = preSolution
		HideSolutionNode = FALSE
	EndGlobalSection
EndGlobal
